
Microsoft Visual Studio Solution File, Format Version 12.00
# Visual Studio Version 17
VisualStudioVersion = 17.11.35312.102
MinimumVisualStudioVersion = 10.0.40219.1
Project("{FAE04EC0-301F-11D3-BF4B-00C04F79EFBC}") = "VestibularApi", "VestibularApi\VestibularApi.csproj", "{F5748E49-B05F-42AF-9135-39D6C4840D81}"
EndProject
Global
	GlobalSection(SolutionConfigurationPlatforms) = preSolution
		Debug|Any CPU = Debug|Any CPU
		Release|Any CPU = Release|Any CPU
	EndGlobalSection
	GlobalSection(ProjectConfigurationPlatforms) = postSolution
		{F5748E49-B05F-42AF-9135-39D6C4840D81}.Debug|Any CPU.ActiveCfg = Debug|Any CPU
		{F5748E49-B05F-42AF-9135-39D6C4840D81}.Debug|Any CPU.Build.0 = Debug|Any CPU
		{F5748E49-B05F-42AF-9135-39D6C4840D81}.Release|Any CPU.ActiveCfg = Release|Any CPU
		{F5748E49-B05F-42AF-9135-39D6C4840D81}.Release|Any CPU.Build.0 = Release|Any CPU
	EndGlobalSection
	GlobalSection(SolutionProperties) = preSolution
		HideSolutionNode = FALSE
	EndGlobalSection
	GlobalSection(ExtensibilityGlobals) = postSolution
		SolutionGuid = {4CA3884E-979D-42E1-AFD7-0964B1C89A75}
	EndGlobalSection
EndGlobal
