
Microsoft Visual Studio Solution File, Format Version 12.00
# Visual Studio Version 17
VisualStudioVersion = 17.5.002.0
MinimumVisualStudioVersion = 10.0.40219.1
Project("{9A19103F-16F7-4668-BE54-9A1E7A4F7556}") = "lucas-gabriel-api", "lucas-gabriel-api.csproj", "{E22B6F72-9252-4AD1-AC9D-8542CD318A37}"
EndProject
Global
	GlobalSection(SolutionConfigurationPlatforms) = preSolution
		Debug|Any CPU = Debug|Any CPU
		Release|Any CPU = Release|Any CPU
	EndGlobalSection
	GlobalSection(ProjectConfigurationPlatforms) = postSolution
		{E22B6F72-9252-4AD1-AC9D-8542CD318A37}.Debug|Any CPU.ActiveCfg = Debug|Any CPU
		{E22B6F72-9252-4AD1-AC9D-8542CD318A37}.Debug|Any CPU.Build.0 = Debug|Any CPU
		{E22B6F72-9252-4AD1-AC9D-8542CD318A37}.Release|Any CPU.ActiveCfg = Release|Any CPU
		{E22B6F72-9252-4AD1-AC9D-8542CD318A37}.Release|Any CPU.Build.0 = Release|Any CPU
	EndGlobalSection
	GlobalSection(SolutionProperties) = preSolution
		HideSolutionNode = FALSE
	EndGlobalSection
	GlobalSection(ExtensibilityGlobals) = postSolution
		SolutionGuid = {77FB7BA7-6F9D-47A7-A20D-AD12D0B7D958}
	EndGlobalSection
EndGlobal
